
Microsoft Visual Studio Solution File, Format Version 12.00
# Visual Studio 15
VisualStudioVersion = 15.0.35026.233
MinimumVisualStudioVersion = 10.0.40219.1
Project("{FAE04EC0-301F-11D3-BF4B-00C04F79EFBC}") = "proto", "proto\proto.csproj", "{3594C398-3C6F-41A2-977A-124B9E4382AB}"
EndProject
Global
	GlobalSection(SolutionConfigurationPlatforms) = preSolution
		Debug|Any CPU = Debug|Any CPU
		Release|Any CPU = Release|Any CPU
	EndGlobalSection
	GlobalSection(ProjectConfigurationPlatforms) = postSolution
		{3594C398-3C6F-41A2-977A-124B9E4382AB}.Debug|Any CPU.ActiveCfg = Debug|Any CPU
		{3594C398-3C6F-41A2-977A-124B9E4382AB}.Debug|Any CPU.Build.0 = Debug|Any CPU
		{3594C398-3C6F-41A2-977A-124B9E4382AB}.Release|Any CPU.ActiveCfg = Release|Any CPU
		{3594C398-3C6F-41A2-977A-124B9E4382AB}.Release|Any CPU.Build.0 = Release|Any CPU
	EndGlobalSection
	GlobalSection(SolutionProperties) = preSolution
		HideSolutionNode = FALSE
	EndGlobalSection
	GlobalSection(ExtensibilityGlobals) = postSolution
		SolutionGuid = {BE717D9A-63C6-4250-8CC2-0F81ED62B114}
	EndGlobalSection
EndGlobal
